
Microsoft Visual Studio Solution File, Format Version 12.00
# Visual Studio Version 17
VisualStudioVersion = 17.7.34024.191
MinimumVisualStudioVersion = 10.0.40219.1
Project("{FAE04EC0-301F-11D3-BF4B-00C04F79EFBC}") = "LECTURA_CORREOS", "LECTURA_CORREOS\LECTURA_CORREOS.csproj", "{273A6E6D-2890-48CF-B39E-62BF0C54D804}"
EndProject
Global
	GlobalSection(SolutionConfigurationPlatforms) = preSolution
		Debug|Any CPU = Debug|Any CPU
		Release|Any CPU = Release|Any CPU
	EndGlobalSection
	GlobalSection(ProjectConfigurationPlatforms) = postSolution
		{273A6E6D-2890-48CF-B39E-62BF0C54D804}.Debug|Any CPU.ActiveCfg = Debug|Any CPU
		{273A6E6D-2890-48CF-B39E-62BF0C54D804}.Debug|Any CPU.Build.0 = Debug|Any CPU
		{273A6E6D-2890-48CF-B39E-62BF0C54D804}.Release|Any CPU.ActiveCfg = Release|Any CPU
		{273A6E6D-2890-48CF-B39E-62BF0C54D804}.Release|Any CPU.Build.0 = Release|Any CPU
	EndGlobalSection
	GlobalSection(SolutionProperties) = preSolution
		HideSolutionNode = FALSE
	EndGlobalSection
	GlobalSection(ExtensibilityGlobals) = postSolution
		SolutionGuid = {BBABC5A9-430D-470A-A3EB-FB7B89691B25}
	EndGlobalSection
EndGlobal
